// !$*UTF8*$!
{
	archiveVersion = 1;
	classes = {
	};
	objectVersion = 50;
	objects = {

/* Begin PBXBuildFile section */
		DD7E771226E3776A0003CB00 /* AppDelegate.swift in Sources */ = {isa = PBXBuildFile; fileRef = DD7E771126E3776A0003CB00 /* AppDelegate.swift */; };
		DD7E771426E3776A0003CB00 /* SceneDelegate.swift in Sources */ = {isa = PBXBuildFile; fileRef = DD7E771326E3776A0003CB00 /* SceneDelegate.swift */; };
		DD7E771626E3776A0003CB00 /* ViewController.swift in Sources */ = {isa = PBXBuildFile; fileRef = DD7E771526E3776A0003CB00 /* ViewController.swift */; };
		DD7E771926E3776A0003CB00 /* Main.storyboard in Resources */ = {isa = PBXBuildFile; fileRef = DD7E771726E3776A0003CB00 /* Main.storyboard */; };
		DD7E771B26E3776F0003CB00 /* Assets.xcassets in Resources */ = {isa = PBXBuildFile; fileRef = DD7E771A26E3776F0003CB00 /* Assets.xcassets */; };
		DD7E771E26E3776F0003CB00 /* LaunchScreen.storyboard in Resources */ = {isa = PBXBuildFile; fileRef = DD7E771C26E3776F0003CB00 /* LaunchScreen.storyboard */; };
		DD7E772726E3AE6F0003CB00 /* AddNewRecordTableViewController.swift in Sources */ = {isa = PBXBuildFile; fileRef = DD7E772626E3AE6F0003CB00 /* AddNewRecordTableViewController.swift */; };
		DD7E772926E3E5540003CB00 /* Constants.swift in Sources */ = {isa = PBXBuildFile; fileRef = DD7E772826E3E5540003CB00 /* Constants.swift */; };
/* End PBXBuildFile section */

/* Begin PBXFileReference section */
		DD7E770E26E3776A0003CB00 /* No-Money2.app */ = {isa = PBXFileReference; explicitFileType = wrapper.application; includeInIndex = 0; path = "No-Money2.app"; sourceTree = BUILT_PRODUCTS_DIR; };
		DD7E771126E3776A0003CB00 /* AppDelegate.swift */ = {isa = PBXFileReference; lastKnownFileType = sourcecode.swift; path = AppDelegate.swift; sourceTree = "<group>"; };
		DD7E771326E3776A0003CB00 /* SceneDelegate.swift */ = {isa = PBXFileReference; lastKnownFileType = sourcecode.swift; path = SceneDelegate.swift; sourceTree = "<group>"; };
		DD7E771526E3776A0003CB00 /* ViewController.swift */ = {isa = PBXFileReference; lastKnownFileType = sourcecode.swift; path = ViewController.swift; sourceTree = "<group>"; };
		DD7E771826E3776A0003CB00 /* Base */ = {isa = PBXFileReference; lastKnownFileType = file.storyboard; name = Base; path = Base.lproj/Main.storyboard; sourceTree = "<group>"; };
		DD7E771A26E3776F0003CB00 /* Assets.xcassets */ = {isa = PBXFileReference; lastKnownFileType = folder.assetcatalog; path = Assets.xcassets; sourceTree = "<group>"; };
		DD7E771D26E3776F0003CB00 /* Base */ = {isa = PBXFileReference; lastKnownFileType = file.storyboard; name = Base; path = Base.lproj/LaunchScreen.storyboard; sourceTree = "<group>"; };
		DD7E771F26E3776F0003CB00 /* Info.plist */ = {isa = PBXFileReference; lastKnownFileType = text.plist.xml; path = Info.plist; sourceTree = "<group>"; };
		DD7E772626E3AE6F0003CB00 /* AddNewRecordTableViewController.swift */ = {isa = PBXFileReference; lastKnownFileType = sourcecode.swift; path = AddNewRecordTableViewController.swift; sourceTree = "<group>"; };
		DD7E772826E3E5540003CB00 /* Constants.swift */ = {isa = PBXFileReference; lastKnownFileType = sourcecode.swift; path = Constants.swift; sourceTree = "<group>"; };
/* End PBXFileReference section */

/* Begin PBXFrameworksBuildPhase section */
		DD7E770B26E3776A0003CB00 /* Frameworks */ = {
			isa = PBXFrameworksBuildPhase;
			buildActionMask = 2147483647;
			files = (
			);
			runOnlyForDeploymentPostprocessing = 0;
		};
/* End PBXFrameworksBuildPhase section */

/* Begin PBXGroup section */
		DD7E770526E3776A0003CB00 = {
			isa = PBXGroup;
			children = (
				DD7E771026E3776A0003CB00 /* No-Money2 */,
				DD7E770F26E3776A0003CB00 /* Products */,
			);
			sourceTree = "<group>";
		};
		DD7E770F26E3776A0003CB00 /* Products */ = {
			isa = PBXGroup;
			children = (
				DD7E770E26E3776A0003CB00 /* No-Money2.app */,
			);
			name = Products;
			sourceTree = "<group>";
		};
		DD7E771026E3776A0003CB00 /* No-Money2 */ = {
			isa = PBXGroup;
			children = (
				DD7E771126E3776A0003CB00 /* AppDelegate.swift */,
				DD7E771326E3776A0003CB00 /* SceneDelegate.swift */,
				DD7E771726E3776A0003CB00 /* Main.storyboard */,
				DD7E772526E3AE460003CB00 /* Controller */,
				DD7E771A26E3776F0003CB00 /* Assets.xcassets */,
				DD7E771C26E3776F0003CB00 /* LaunchScreen.storyboard */,
				DD7E771F26E3776F0003CB00 /* Info.plist */,
				DD7E772826E3E5540003CB00 /* Constants.swift */,
			);
			path = "No-Money2";
			sourceTree = "<group>";
		};
		DD7E772526E3AE460003CB00 /* Controller */ = {
			isa = PBXGroup;
			children = (
				DD7E771526E3776A0003CB00 /* ViewController.swift */,
				DD7E772626E3AE6F0003CB00 /* AddNewRecordTableViewController.swift */,
			);
			path = Controller;
			sourceTree = "<group>";
		};
/* End PBXGroup section */

/* Begin PBXNativeTarget section */
		DD7E770D26E3776A0003CB00 /* No-Money2 */ = {
			isa = PBXNativeTarget;
			buildConfigurationList = DD7E772226E3776F0003CB00 /* Build configuration list for PBXNativeTarget "No-Money2" */;
			buildPhases = (
				DD7E770A26E3776A0003CB00 /* Sources */,
				DD7E770B26E3776A0003CB00 /* Frameworks */,
				DD7E770C26E3776A0003CB00 /* Resources */,
			);
			buildRules = (
			);
			dependencies = (
			);
			name = "No-Money2";
			productName = "No-Money2";
			productReference = DD7E770E26E3776A0003CB00 /* No-Money2.app */;
			productType = "com.apple.product-type.application";
		};
/* End PBXNativeTarget section */

/* Begin PBXProject section */
		DD7E770626E3776A0003CB00 /* Project object */ = {
			isa = PBXProject;
			attributes = {
				LastSwiftUpdateCheck = 1250;
				LastUpgradeCheck = 1250;
				TargetAttributes = {
					DD7E770D26E3776A0003CB00 = {
						CreatedOnToolsVersion = 12.5;
					};
				};
			};
			buildConfigurationList = DD7E770926E3776A0003CB00 /* Build configuration list for PBXProject "No-Money2" */;
			compatibilityVersion = "Xcode 9.3";
			developmentRegion = en;
			hasScannedForEncodings = 0;
			knownRegions = (
				en,
				Base,
			);
			mainGroup = DD7E770526E3776A0003CB00;
			productRefGroup = DD7E770F26E3776A0003CB00 /* Products */;
			projectDirPath = "";
			projectRoot = "";
			targets = (
				DD7E770D26E3776A0003CB00 /* No-Money2 */,
			);
		};
/* End PBXProject section */

/* Begin PBXResourcesBuildPhase section */
		DD7E770C26E3776A0003CB00 /* Resources */ = {
			isa = PBXResourcesBuildPhase;
			buildActionMask = 2147483647;
			files = (
				DD7E771E26E3776F0003CB00 /* LaunchScreen.storyboard in Resources */,
				DD7E771B26E3776F0003CB00 /* Assets.xcassets in Resources */,
				DD7E771926E3776A0003CB00 /* Main.storyboard in Resources */,
			);
			runOnlyForDeploymentPostprocessing = 0;
		};
/* End PBXResourcesBuildPhase section */

/* Begin PBXSourcesBuildPhase section */
		DD7E770A26E3776A0003CB00 /* Sources */ = {
			isa = PBXSourcesBuildPhase;
			buildActionMask = 2147483647;
			files = (
				DD7E772926E3E5540003CB00 /* Constants.swift in Sources */,
				DD7E771626E3776A0003CB00 /* ViewController.swift in Sources */,
				DD7E772726E3AE6F0003CB00 /* AddNewRecordTableViewController.swift in Sources */,
				DD7E771226E3776A0003CB00 /* AppDelegate.swift in Sources */,
				DD7E771426E3776A0003CB00 /* SceneDelegate.swift in Sources */,
			);
			runOnlyForDeploymentPostprocessing = 0;
		};
/* End PBXSourcesBuildPhase section */

/* Begin PBXVariantGroup section */
		DD7E771726E3776A0003CB00 /* Main.storyboard */ = {
			isa = PBXVariantGroup;
			children = (
				DD7E771826E3776A0003CB00 /* Base */,
			);
			name = Main.storyboard;
			sourceTree = "<group>";
		};
		DD7E771C26E3776F0003CB00 /* LaunchScreen.storyboard */ = {
			isa = PBXVariantGroup;
			children = (
				DD7E771D26E3776F0003CB00 /* Base */,
			);
			name = LaunchScreen.storyboard;
			sourceTree = "<group>";
		};
/* End PBXVariantGroup section */

/* Begin XCBuildConfiguration section */
		DD7E772026E3776F0003CB00 /* Debug */ = {
			isa = XCBuildConfiguration;
			buildSettings = {
				ALWAYS_SEARCH_USER_PATHS = NO;
				CLANG_ANALYZER_NONNULL = YES;
				CLANG_ANALYZER_NUMBER_OBJECT_CONVERSION = YES_AGGRESSIVE;
				CLANG_CXX_LANGUAGE_STANDARD = "gnu++14";
				CLANG_CXX_LIBRARY = "libc++";
				CLANG_ENABLE_MODULES = YES;
				CLANG_ENABLE_OBJC_ARC = YES;
				CLANG_ENABLE_OBJC_WEAK = YES;
				CLANG_WARN_BLOCK_CAPTURE_AUTORELEASING = YES;
				CLANG_WARN_BOOL_CONVERSION = YES;
				CLANG_WARN_COMMA = YES;
				CLANG_WARN_CONSTANT_CONVERSION = YES;
				CLANG_WARN_DEPRECATED_OBJC_IMPLEMENTATIONS = YES;
				CLANG_WARN_DIRECT_OBJC_ISA_USAGE = YES_ERROR;
				CLANG_WARN_DOCUMENTATION_COMMENTS = YES;
				CLANG_WARN_EMPTY_BODY = YES;
				CLANG_WARN_ENUM_CONVERSION = YES;
				CLANG_WARN_INFINITE_RECURSION = YES;
				CLANG_WARN_INT_CONVERSION = YES;
				CLANG_WARN_NON_LITERAL_NULL_CONVERSION = YES;
				CLANG_WARN_OBJC_IMPLICIT_RETAIN_SELF = YES;
				CLANG_WARN_OBJC_LITERAL_CONVERSION = YES;
				CLANG_WARN_OBJC_ROOT_CLASS = YES_ERROR;
				CLANG_WARN_QUOTED_INCLUDE_IN_FRAMEWORK_HEADER = YES;
				CLANG_WARN_RANGE_LOOP_ANALYSIS = YES;
				CLANG_WARN_STRICT_PROTOTYPES = YES;
				CLANG_WARN_SUSPICIOUS_MOVE = YES;
				CLANG_WARN_UNGUARDED_AVAILABILITY = YES_AGGRESSIVE;
				CLANG_WARN_UNREACHABLE_CODE = YES;
				CLANG_WARN__DUPLICATE_METHOD_MATCH = YES;
				COPY_PHASE_STRIP = NO;
				DEBUG_INFORMATION_FORMAT = dwarf;
				ENABLE_STRICT_OBJC_MSGSEND = YES;
				ENABLE_TESTABILITY = YES;
				GCC_C_LANGUAGE_STANDARD = gnu11;
				GCC_DYNAMIC_NO_PIC = NO;
				GCC_NO_COMMON_BLOCKS = YES;
				GCC_OPTIMIZATION_LEVEL = 0;
				GCC_PREPROCESSOR_DEFINITIONS = (
					"DEBUG=1",
					"$(inherited)",
				);
				GCC_WARN_64_TO_32_BIT_CONVERSION = YES;
				GCC_WARN_ABOUT_RETURN_TYPE = YES_ERROR;
				GCC_WARN_UNDECLARED_SELECTOR = YES;
				GCC_WARN_UNINITIALIZED_AUTOS = YES_AGGRESSIVE;
				GCC_WARN_UNUSED_FUNCTION = YES;
				GCC_WARN_UNUSED_VARIABLE = YES;
				IPHONEOS_DEPLOYMENT_TARGET = 14.5;
				MTL_ENABLE_DEBUG_INFO = INCLUDE_SOURCE;
				MTL_FAST_MATH = YES;
				ONLY_ACTIVE_ARCH = YES;
				SDKROOT = iphoneos;
				SWIFT_ACTIVE_COMPILATION_CONDITIONS = DEBUG;
				SWIFT_OPTIMIZATION_LEVEL = "-Onone";
			};
			name = Debug;
		};
		DD7E772126E3776F0003CB00 /* Release */ = {
			isa = XCBuildConfiguration;
			buildSettings = {
				ALWAYS_SEARCH_USER_PATHS = NO;
				CLANG_ANALYZER_NONNULL = YES;
				CLANG_ANALYZER_NUMBER_OBJECT_CONVERSION = YES_AGGRESSIVE;
				CLANG_CXX_LANGUAGE_STANDARD = "gnu++14";
				CLANG_CXX_LIBRARY = "libc++";
				CLANG_ENABLE_MODULES = YES;
				CLANG_ENABLE_OBJC_ARC = YES;
				CLANG_ENABLE_OBJC_WEAK = YES;
				CLANG_WARN_BLOCK_CAPTURE_AUTORELEASING = YES;
				CLANG_WARN_BOOL_CONVERSION = YES;
				CLANG_WARN_COMMA = YES;
				CLANG_WARN_CONSTANT_CONVERSION = YES;
				CLANG_WARN_DEPRECATED_OBJC_IMPLEMENTATIONS = YES;
				CLANG_WARN_DIRECT_OBJC_ISA_USAGE = YES_ERROR;
				CLANG_WARN_DOCUMENTATION_COMMENTS = YES;
				CLANG_WARN_EMPTY_BODY = YES;
				CLANG_WARN_ENUM_CONVERSION = YES;
				CLANG_WARN_INFINITE_RECURSION = YES;
				CLANG_WARN_INT_CONVERSION = YES;
				CLANG_WARN_NON_LITERAL_NULL_CONVERSION = YES;
				CLANG_WARN_OBJC_IMPLICIT_RETAIN_SELF = YES;
				CLANG_WARN_OBJC_LITERAL_CONVERSION = YES;
				CLANG_WARN_OBJC_ROOT_CLASS = YES_ERROR;
				CLANG_WARN_QUOTED_INCLUDE_IN_FRAMEWORK_HEADER = YES;
				CLANG_WARN_RANGE_LOOP_ANALYSIS = YES;
				CLANG_WARN_STRICT_PROTOTYPES = YES;
				CLANG_WARN_SUSPICIOUS_MOVE = YES;
				CLANG_WARN_UNGUARDED_AVAILABILITY = YES_AGGRESSIVE;
				CLANG_WARN_UNREACHABLE_CODE = YES;
				CLANG_WARN__DUPLICATE_METHOD_MATCH = YES;
				COPY_PHASE_STRIP = NO;
				DEBUG_INFORMATION_FORMAT = "dwarf-with-dsym";
				ENABLE_NS_ASSERTIONS = NO;
				ENABLE_STRICT_OBJC_MSGSEND = YES;
				GCC_C_LANGUAGE_STANDARD = gnu11;
				GCC_NO_COMMON_BLOCKS = YES;
				GCC_WARN_64_TO_32_BIT_CONVERSION = YES;
				GCC_WARN_ABOUT_RETURN_TYPE = YES_ERROR;
				GCC_WARN_UNDECLARED_SELECTOR = YES;
				GCC_WARN_UNINITIALIZED_AUTOS = YES_AGGRESSIVE;
				GCC_WARN_UNUSED_FUNCTION = YES;
				GCC_WARN_UNUSED_VARIABLE = YES;
				IPHONEOS_DEPLOYMENT_TARGET = 14.5;
				MTL_ENABLE_DEBUG_INFO = NO;
				MTL_FAST_MATH = YES;
				SDKROOT = iphoneos;
				SWIFT_COMPILATION_MODE = wholemodule;
				SWIFT_OPTIMIZATION_LEVEL = "-O";
				VALIDATE_PRODUCT = YES;
			};
			name = Release;
		};
		DD7E772326E3776F0003CB00 /* Debug */ = {
			isa = XCBuildConfiguration;
			buildSettings = {
				ASSETCATALOG_COMPILER_APPICON_NAME = AppIcon;
				ASSETCATALOG_COMPILER_GLOBAL_ACCENT_COLOR_NAME = AccentColor;
				CODE_SIGN_STYLE = Automatic;
				DEVELOPMENT_TEAM = N3RLP9749V;
				INFOPLIST_FILE = "No-Money2/Info.plist";
				LD_RUNPATH_SEARCH_PATHS = (
					"$(inherited)",
					"@executable_path/Frameworks",
				);
				PRODUCT_BUNDLE_IDENTIFIER = "com.gooLITE.No-Money2";
				PRODUCT_NAME = "$(TARGET_NAME)";
				SWIFT_VERSION = 5.0;
				TARGETED_DEVICE_FAMILY = "1,2";
			};
			name = Debug;
		};
		DD7E772426E3776F0003CB00 /* Release */ = {
			isa = XCBuildConfiguration;
			buildSettings = {
				ASSETCATALOG_COMPILER_APPICON_NAME = AppIcon;
				ASSETCATALOG_COMPILER_GLOBAL_ACCENT_COLOR_NAME = AccentColor;
				CODE_SIGN_STYLE = Automatic;
				DEVELOPMENT_TEAM = N3RLP9749V;
				INFOPLIST_FILE = "No-Money2/Info.plist";
				LD_RUNPATH_SEARCH_PATHS = (
					"$(inherited)",
					"@executable_path/Frameworks",
				);
				PRODUCT_BUNDLE_IDENTIFIER = "com.gooLITE.No-Money2";
				PRODUCT_NAME = "$(TARGET_NAME)";
				SWIFT_VERSION = 5.0;
				TARGETED_DEVICE_FAMILY = "1,2";
			};
			name = Release;
		};
/* End XCBuildConfiguration section */

/* Begin XCConfigurationList section */
		DD7E770926E3776A0003CB00 /* Build configuration list for PBXProject "No-Money2" */ = {
			isa = XCConfigurationList;
			buildConfigurations = (
				DD7E772026E3776F0003CB00 /* Debug */,
				DD7E772126E3776F0003CB00 /* Release */,
			);
			defaultConfigurationIsVisible = 0;
			defaultConfigurationName = Release;
		};
		DD7E772226E3776F0003CB00 /* Build configuration list for PBXNativeTarget "No-Money2" */ = {
			isa = XCConfigurationList;
			buildConfigurations = (
				DD7E772326E3776F0003CB00 /* Debug */,
				DD7E772426E3776F0003CB00 /* Release */,
			);
			defaultConfigurationIsVisible = 0;
			defaultConfigurationName = Release;
		};
/* End XCConfigurationList section */
	};
	rootObject = DD7E770626E3776A0003CB00 /* Project object */;
}
